// !$*UTF8*$!
{
	archiveVersion = 1;
	classes = {
	};
	objectVersion = 50;
	objects = {

/* Begin PBXBuildFile section */
		075674FC52289B33775AA1C9 /* Pods_testJenkins.framework in Frameworks */ = {isa = PBXBuildFile; fileRef = 52078CCF7736C2D78B21CD35 /* Pods_testJenkins.framework */; };
		44633692230E7AF500C1D806 /* AppDelegate.m in Sources */ = {isa = PBXBuildFile; fileRef = 44633691230E7AF500C1D806 /* AppDelegate.m */; };
		44633695230E7AF500C1D806 /* ViewController.m in Sources */ = {isa = PBXBuildFile; fileRef = 44633694230E7AF500C1D806 /* ViewController.m */; };
		44633698230E7AF500C1D806 /* Main.storyboard in Resources */ = {isa = PBXBuildFile; fileRef = 44633696230E7AF500C1D806 /* Main.storyboard */; };
		4463369A230E7AF800C1D806 /* Assets.xcassets in Resources */ = {isa = PBXBuildFile; fileRef = 44633699230E7AF800C1D806 /* Assets.xcassets */; };
		4463369D230E7AF800C1D806 /* LaunchScreen.storyboard in Resources */ = {isa = PBXBuildFile; fileRef = 4463369B230E7AF800C1D806 /* LaunchScreen.storyboard */; };
		446336A0230E7AF800C1D806 /* main.m in Sources */ = {isa = PBXBuildFile; fileRef = 4463369F230E7AF800C1D806 /* main.m */; };
		446336AA230E7AF900C1D806 /* testJenkinsTests.m in Sources */ = {isa = PBXBuildFile; fileRef = 446336A9230E7AF900C1D806 /* testJenkinsTests.m */; };
		446336B5230E7AF900C1D806 /* testJenkinsUITests.m in Sources */ = {isa = PBXBuildFile; fileRef = 446336B4230E7AF900C1D806 /* testJenkinsUITests.m */; };
		51C9059033C88CCB485B012E /* Pods_testJenkinsTests.framework in Frameworks */ = {isa = PBXBuildFile; fileRef = 45C4AA5361459CDB67D13E17 /* Pods_testJenkinsTests.framework */; };
		CFE9707DD18012C75851E1FB /* Pods_testJenkinsUITests.framework in Frameworks */ = {isa = PBXBuildFile; fileRef = 4AC5FC750045747E925AB7FF /* Pods_testJenkinsUITests.framework */; };
/* End PBXBuildFile section */

/* Begin PBXContainerItemProxy section */
		446336A6230E7AF900C1D806 /* PBXContainerItemProxy */ = {
			isa = PBXContainerItemProxy;
			containerPortal = 44633685230E7AF500C1D806 /* Project object */;
			proxyType = 1;
			remoteGlobalIDString = 4463368C230E7AF500C1D806;
			remoteInfo = testJenkins;
		};
		446336B1230E7AF900C1D806 /* PBXContainerItemProxy */ = {
			isa = PBXContainerItemProxy;
			containerPortal = 44633685230E7AF500C1D806 /* Project object */;
			proxyType = 1;
			remoteGlobalIDString = 4463368C230E7AF500C1D806;
			remoteInfo = testJenkins;
		};
/* End PBXContainerItemProxy section */

/* Begin PBXFileReference section */
		4463368D230E7AF500C1D806 /* testJenkins.app */ = {isa = PBXFileReference; explicitFileType = wrapper.application; includeInIndex = 0; path = testJenkins.app; sourceTree = BUILT_PRODUCTS_DIR; };
		44633690230E7AF500C1D806 /* AppDelegate.h */ = {isa = PBXFileReference; lastKnownFileType = sourcecode.c.h; path = AppDelegate.h; sourceTree = "<group>"; };
		44633691230E7AF500C1D806 /* AppDelegate.m */ = {isa = PBXFileReference; lastKnownFileType = sourcecode.c.objc; path = AppDelegate.m; sourceTree = "<group>"; };
		44633693230E7AF500C1D806 /* ViewController.h */ = {isa = PBXFileReference; lastKnownFileType = sourcecode.c.h; path = ViewController.h; sourceTree = "<group>"; };
		44633694230E7AF500C1D806 /* ViewController.m */ = {isa = PBXFileReference; lastKnownFileType = sourcecode.c.objc; path = ViewController.m; sourceTree = "<group>"; };
		44633697230E7AF500C1D806 /* Base */ = {isa = PBXFileReference; lastKnownFileType = file.storyboard; name = Base; path = Base.lproj/Main.storyboard; sourceTree = "<group>"; };
		44633699230E7AF800C1D806 /* Assets.xcassets */ = {isa = PBXFileReference; lastKnownFileType = folder.assetcatalog; path = Assets.xcassets; sourceTree = "<group>"; };
		4463369C230E7AF800C1D806 /* Base */ = {isa = PBXFileReference; lastKnownFileType = file.storyboard; name = Base; path = Base.lproj/LaunchScreen.storyboard; sourceTree = "<group>"; };
		4463369E230E7AF800C1D806 /* Info.plist */ = {isa = PBXFileReference; lastKnownFileType = text.plist.xml; path = Info.plist; sourceTree = "<group>"; };
		4463369F230E7AF800C1D806 /* main.m */ = {isa = PBXFileReference; lastKnownFileType = sourcecode.c.objc; path = main.m; sourceTree = "<group>"; };
		446336A5230E7AF900C1D806 /* testJenkinsTests.xctest */ = {isa = PBXFileReference; explicitFileType = wrapper.cfbundle; includeInIndex = 0; path = testJenkinsTests.xctest; sourceTree = BUILT_PRODUCTS_DIR; };
		446336A9230E7AF900C1D806 /* testJenkinsTests.m */ = {isa = PBXFileReference; lastKnownFileType = sourcecode.c.objc; path = testJenkinsTests.m; sourceTree = "<group>"; };
		446336AB230E7AF900C1D806 /* Info.plist */ = {isa = PBXFileReference; lastKnownFileType = text.plist.xml; path = Info.plist; sourceTree = "<group>"; };
		446336B0230E7AF900C1D806 /* testJenkinsUITests.xctest */ = {isa = PBXFileReference; explicitFileType = wrapper.cfbundle; includeInIndex = 0; path = testJenkinsUITests.xctest; sourceTree = BUILT_PRODUCTS_DIR; };
		446336B4230E7AF900C1D806 /* testJenkinsUITests.m */ = {isa = PBXFileReference; lastKnownFileType = sourcecode.c.objc; path = testJenkinsUITests.m; sourceTree = "<group>"; };
		446336B6230E7AF900C1D806 /* Info.plist */ = {isa = PBXFileReference; lastKnownFileType = text.plist.xml; path = Info.plist; sourceTree = "<group>"; };
		45C4AA5361459CDB67D13E17 /* Pods_testJenkinsTests.framework */ = {isa = PBXFileReference; explicitFileType = wrapper.framework; includeInIndex = 0; path = Pods_testJenkinsTests.framework; sourceTree = BUILT_PRODUCTS_DIR; };
		4AC5FC750045747E925AB7FF /* Pods_testJenkinsUITests.framework */ = {isa = PBXFileReference; explicitFileType = wrapper.framework; includeInIndex = 0; path = Pods_testJenkinsUITests.framework; sourceTree = BUILT_PRODUCTS_DIR; };
		52078CCF7736C2D78B21CD35 /* Pods_testJenkins.framework */ = {isa = PBXFileReference; explicitFileType = wrapper.framework; includeInIndex = 0; path = Pods_testJenkins.framework; sourceTree = BUILT_PRODUCTS_DIR; };
		6D0BA0202FDB4D05AF224D31 /* Pods-testJenkins.release.xcconfig */ = {isa = PBXFileReference; includeInIndex = 1; lastKnownFileType = text.xcconfig; name = "Pods-testJenkins.release.xcconfig"; path = "Target Support Files/Pods-testJenkins/Pods-testJenkins.release.xcconfig"; sourceTree = "<group>"; };
		CD2B5BB1BA0DD9D6B16FD93B /* Pods-testJenkinsUITests.release.xcconfig */ = {isa = PBXFileReference; includeInIndex = 1; lastKnownFileType = text.xcconfig; name = "Pods-testJenkinsUITests.release.xcconfig"; path = "Target Support Files/Pods-testJenkinsUITests/Pods-testJenkinsUITests.release.xcconfig"; sourceTree = "<group>"; };
		CD5C237F8DD4B223D754283B /* Pods-testJenkins.debug.xcconfig */ = {isa = PBXFileReference; includeInIndex = 1; lastKnownFileType = text.xcconfig; name = "Pods-testJenkins.debug.xcconfig"; path = "Target Support Files/Pods-testJenkins/Pods-testJenkins.debug.xcconfig"; sourceTree = "<group>"; };
		D39D6FD198614CFFBE100955 /* Pods-testJenkinsTests.debug.xcconfig */ = {isa = PBXFileReference; includeInIndex = 1; lastKnownFileType = text.xcconfig; name = "Pods-testJenkinsTests.debug.xcconfig"; path = "Target Support Files/Pods-testJenkinsTests/Pods-testJenkinsTests.debug.xcconfig"; sourceTree = "<group>"; };
		DF1D3FE0F33F198E25D07214 /* Pods-testJenkinsTests.release.xcconfig */ = {isa = PBXFileReference; includeInIndex = 1; lastKnownFileType = text.xcconfig; name = "Pods-testJenkinsTests.release.xcconfig"; path = "Target Support Files/Pods-testJenkinsTests/Pods-testJenkinsTests.release.xcconfig"; sourceTree = "<group>"; };
		FA0BDA2F04868680E54A0A23 /* Pods-testJenkinsUITests.debug.xcconfig */ = {isa = PBXFileReference; includeInIndex = 1; lastKnownFileType = text.xcconfig; name = "Pods-testJenkinsUITests.debug.xcconfig"; path = "Target Support Files/Pods-testJenkinsUITests/Pods-testJenkinsUITests.debug.xcconfig"; sourceTree = "<group>"; };
/* End PBXFileReference section */

/* Begin PBXFrameworksBuildPhase section */
		4463368A230E7AF500C1D806 /* Frameworks */ = {
			isa = PBXFrameworksBuildPhase;
			buildActionMask = 2147483647;
			files = (
				075674FC52289B33775AA1C9 /* Pods_testJenkins.framework in Frameworks */,
			);
			runOnlyForDeploymentPostprocessing = 0;
		};
		446336A2230E7AF900C1D806 /* Frameworks */ = {
			isa = PBXFrameworksBuildPhase;
			buildActionMask = 2147483647;
			files = (
				51C9059033C88CCB485B012E /* Pods_testJenkinsTests.framework in Frameworks */,
			);
			runOnlyForDeploymentPostprocessing = 0;
		};
		446336AD230E7AF900C1D806 /* Frameworks */ = {
			isa = PBXFrameworksBuildPhase;
			buildActionMask = 2147483647;
			files = (
				CFE9707DD18012C75851E1FB /* Pods_testJenkinsUITests.framework in Frameworks */,
			);
			runOnlyForDeploymentPostprocessing = 0;
		};
/* End PBXFrameworksBuildPhase section */

/* Begin PBXGroup section */
		44633684230E7AF500C1D806 = {
			isa = PBXGroup;
			children = (
				4463368F230E7AF500C1D806 /* testJenkins */,
				446336A8230E7AF900C1D806 /* testJenkinsTests */,
				446336B3230E7AF900C1D806 /* testJenkinsUITests */,
				4463368E230E7AF500C1D806 /* Products */,
				5FE955B1F72B253F99A856B8 /* Pods */,
				9DB379B1845DEA136CC8CB09 /* Frameworks */,
			);
			sourceTree = "<group>";
		};
		4463368E230E7AF500C1D806 /* Products */ = {
			isa = PBXGroup;
			children = (
				4463368D230E7AF500C1D806 /* testJenkins.app */,
				446336A5230E7AF900C1D806 /* testJenkinsTests.xctest */,
				446336B0230E7AF900C1D806 /* testJenkinsUITests.xctest */,
			);
			name = Products;
			sourceTree = "<group>";
		};
		4463368F230E7AF500C1D806 /* testJenkins */ = {
			isa = PBXGroup;
			children = (
				44633690230E7AF500C1D806 /* AppDelegate.h */,
				44633691230E7AF500C1D806 /* AppDelegate.m */,
				44633693230E7AF500C1D806 /* ViewController.h */,
				44633694230E7AF500C1D806 /* ViewController.m */,
				44633696230E7AF500C1D806 /* Main.storyboard */,
				44633699230E7AF800C1D806 /* Assets.xcassets */,
				4463369B230E7AF800C1D806 /* LaunchScreen.storyboard */,
				4463369E230E7AF800C1D806 /* Info.plist */,
				4463369F230E7AF800C1D806 /* main.m */,
			);
			path = testJenkins;
			sourceTree = "<group>";
		};
		446336A8230E7AF900C1D806 /* testJenkinsTests */ = {
			isa = PBXGroup;
			children = (
				446336A9230E7AF900C1D806 /* testJenkinsTests.m */,
				446336AB230E7AF900C1D806 /* Info.plist */,
			);
			path = testJenkinsTests;
			sourceTree = "<group>";
		};
		446336B3230E7AF900C1D806 /* testJenkinsUITests */ = {
			isa = PBXGroup;
			children = (
				446336B4230E7AF900C1D806 /* testJenkinsUITests.m */,
				446336B6230E7AF900C1D806 /* Info.plist */,
			);
			path = testJenkinsUITests;
			sourceTree = "<group>";
		};
		5FE955B1F72B253F99A856B8 /* Pods */ = {
			isa = PBXGroup;
			children = (
				CD5C237F8DD4B223D754283B /* Pods-testJenkins.debug.xcconfig */,
				6D0BA0202FDB4D05AF224D31 /* Pods-testJenkins.release.xcconfig */,
				D39D6FD198614CFFBE100955 /* Pods-testJenkinsTests.debug.xcconfig */,
				DF1D3FE0F33F198E25D07214 /* Pods-testJenkinsTests.release.xcconfig */,
				FA0BDA2F04868680E54A0A23 /* Pods-testJenkinsUITests.debug.xcconfig */,
				CD2B5BB1BA0DD9D6B16FD93B /* Pods-testJenkinsUITests.release.xcconfig */,
			);
			name = Pods;
			path = Pods;
			sourceTree = "<group>";
		};
		9DB379B1845DEA136CC8CB09 /* Frameworks */ = {
			isa = PBXGroup;
			children = (
				52078CCF7736C2D78B21CD35 /* Pods_testJenkins.framework */,
				45C4AA5361459CDB67D13E17 /* Pods_testJenkinsTests.framework */,
				4AC5FC750045747E925AB7FF /* Pods_testJenkinsUITests.framework */,
			);
			name = Frameworks;
			sourceTree = "<group>";
		};
/* End PBXGroup section */

/* Begin PBXNativeTarget section */
		4463368C230E7AF500C1D806 /* testJenkins */ = {
			isa = PBXNativeTarget;
			buildConfigurationList = 446336B9230E7AF900C1D806 /* Build configuration list for PBXNativeTarget "testJenkins" */;
			buildPhases = (
				FAD4C17E1A5E788E933D8179 /* [CP] Check Pods Manifest.lock */,
				44633689230E7AF500C1D806 /* Sources */,
				4463368A230E7AF500C1D806 /* Frameworks */,
				4463368B230E7AF500C1D806 /* Resources */,
				361B04290A7A0B1CDDE8FEFA /* [CP] Embed Pods Frameworks */,
			);
			buildRules = (
			);
			dependencies = (
			);
			name = testJenkins;
			productName = testJenkins;
			productReference = 4463368D230E7AF500C1D806 /* testJenkins.app */;
			productType = "com.apple.product-type.application";
		};
		446336A4230E7AF900C1D806 /* testJenkinsTests */ = {
			isa = PBXNativeTarget;
			buildConfigurationList = 446336BC230E7AF900C1D806 /* Build configuration list for PBXNativeTarget "testJenkinsTests" */;
			buildPhases = (
				AB1E63FD8F84A937A18F3E42 /* [CP] Check Pods Manifest.lock */,
				446336A1230E7AF900C1D806 /* Sources */,
				446336A2230E7AF900C1D806 /* Frameworks */,
				446336A3230E7AF900C1D806 /* Resources */,
			);
			buildRules = (
			);
			dependencies = (
				446336A7230E7AF900C1D806 /* PBXTargetDependency */,
			);
			name = testJenkinsTests;
			productName = testJenkinsTests;
			productReference = 446336A5230E7AF900C1D806 /* testJenkinsTests.xctest */;
			productType = "com.apple.product-type.bundle.unit-test";
		};
		446336AF230E7AF900C1D806 /* testJenkinsUITests */ = {
			isa = PBXNativeTarget;
			buildConfigurationList = 446336BF230E7AF900C1D806 /* Build configuration list for PBXNativeTarget "testJenkinsUITests" */;
			buildPhases = (
				99DE7320F07D48758ED1FB70 /* [CP] Check Pods Manifest.lock */,
				446336AC230E7AF900C1D806 /* Sources */,
				446336AD230E7AF900C1D806 /* Frameworks */,
				446336AE230E7AF900C1D806 /* Resources */,
			);
			buildRules = (
			);
			dependencies = (
				446336B2230E7AF900C1D806 /* PBXTargetDependency */,
			);
			name = testJenkinsUITests;
			productName = testJenkinsUITests;
			productReference = 446336B0230E7AF900C1D806 /* testJenkinsUITests.xctest */;
			productType = "com.apple.product-type.bundle.ui-testing";
		};
/* End PBXNativeTarget section */

/* Begin PBXProject section */
		44633685230E7AF500C1D806 /* Project object */ = {
			isa = PBXProject;
			attributes = {
				LastUpgradeCheck = 1010;
				ORGANIZATIONNAME = fu.com;
				TargetAttributes = {
					4463368C230E7AF500C1D806 = {
						CreatedOnToolsVersion = 10.1;
					};
					446336A4230E7AF900C1D806 = {
						CreatedOnToolsVersion = 10.1;
						TestTargetID = 4463368C230E7AF500C1D806;
					};
					446336AF230E7AF900C1D806 = {
						CreatedOnToolsVersion = 10.1;
						TestTargetID = 4463368C230E7AF500C1D806;
					};
				};
			};
			buildConfigurationList = 44633688230E7AF500C1D806 /* Build configuration list for PBXProject "testJenkins" */;
			compatibilityVersion = "Xcode 9.3";
			developmentRegion = en;
			hasScannedForEncodings = 0;
			knownRegions = (
				en,
				Base,
			);
			mainGroup = 44633684230E7AF500C1D806;
			productRefGroup = 4463368E230E7AF500C1D806 /* Products */;
			projectDirPath = "";
			projectRoot = "";
			targets = (
				4463368C230E7AF500C1D806 /* testJenkins */,
				446336A4230E7AF900C1D806 /* testJenkinsTests */,
				446336AF230E7AF900C1D806 /* testJenkinsUITests */,
			);
		};
/* End PBXProject section */

/* Begin PBXResourcesBuildPhase section */
		4463368B230E7AF500C1D806 /* Resources */ = {
			isa = PBXResourcesBuildPhase;
			buildActionMask = 2147483647;
			files = (
				4463369D230E7AF800C1D806 /* LaunchScreen.storyboard in Resources */,
				4463369A230E7AF800C1D806 /* Assets.xcassets in Resources */,
				44633698230E7AF500C1D806 /* Main.storyboard in Resources */,
			);
			runOnlyForDeploymentPostprocessing = 0;
		};
		446336A3230E7AF900C1D806 /* Resources */ = {
			isa = PBXResourcesBuildPhase;
			buildActionMask = 2147483647;
			files = (
			);
			runOnlyForDeploymentPostprocessing = 0;
		};
		446336AE230E7AF900C1D806 /* Resources */ = {
			isa = PBXResourcesBuildPhase;
			buildActionMask = 2147483647;
			files = (
			);
			runOnlyForDeploymentPostprocessing = 0;
		};
/* End PBXResourcesBuildPhase section */

/* Begin PBXShellScriptBuildPhase section */
		361B04290A7A0B1CDDE8FEFA /* [CP] Embed Pods Frameworks */ = {
			isa = PBXShellScriptBuildPhase;
			buildActionMask = 2147483647;
			files = (
			);
			inputFileListPaths = (
				"${PODS_ROOT}/Target Support Files/Pods-testJenkins/Pods-testJenkins-frameworks-${CONFIGURATION}-input-files.xcfilelist",
			);
			name = "[CP] Embed Pods Frameworks";
			outputFileListPaths = (
				"${PODS_ROOT}/Target Support Files/Pods-testJenkins/Pods-testJenkins-frameworks-${CONFIGURATION}-output-files.xcfilelist",
			);
			runOnlyForDeploymentPostprocessing = 0;
			shellPath = /bin/sh;
			shellScript = "\"${PODS_ROOT}/Target Support Files/Pods-testJenkins/Pods-testJenkins-frameworks.sh\"\n";
			showEnvVarsInLog = 0;
		};
		99DE7320F07D48758ED1FB70 /* [CP] Check Pods Manifest.lock */ = {
			isa = PBXShellScriptBuildPhase;
			buildActionMask = 2147483647;
			files = (
			);
			inputFileListPaths = (
			);
			inputPaths = (
				"${PODS_PODFILE_DIR_PATH}/Podfile.lock",
				"${PODS_ROOT}/Manifest.lock",
			);
			name = "[CP] Check Pods Manifest.lock";
			outputFileListPaths = (
			);
			outputPaths = (
				"$(DERIVED_FILE_DIR)/Pods-testJenkinsUITests-checkManifestLockResult.txt",
			);
			runOnlyForDeploymentPostprocessing = 0;
			shellPath = /bin/sh;
			shellScript = "diff \"${PODS_PODFILE_DIR_PATH}/Podfile.lock\" \"${PODS_ROOT}/Manifest.lock\" > /dev/null\nif [ $? != 0 ] ; then\n    # print error to STDERR\n    echo \"error: The sandbox is not in sync with the Podfile.lock. Run 'pod install' or update your CocoaPods installation.\" >&2\n    exit 1\nfi\n# This output is used by Xcode 'outputs' to avoid re-running this script phase.\necho \"SUCCESS\" > \"${SCRIPT_OUTPUT_FILE_0}\"\n";
			showEnvVarsInLog = 0;
		};
		AB1E63FD8F84A937A18F3E42 /* [CP] Check Pods Manifest.lock */ = {
			isa = PBXShellScriptBuildPhase;
			buildActionMask = 2147483647;
			files = (
			);
			inputFileListPaths = (
			);
			inputPaths = (
				"${PODS_PODFILE_DIR_PATH}/Podfile.lock",
				"${PODS_ROOT}/Manifest.lock",
			);
			name = "[CP] Check Pods Manifest.lock";
			outputFileListPaths = (
			);
			outputPaths = (
				"$(DERIVED_FILE_DIR)/Pods-testJenkinsTests-checkManifestLockResult.txt",
			);
			runOnlyForDeploymentPostprocessing = 0;
			shellPath = /bin/sh;
			shellScript = "diff \"${PODS_PODFILE_DIR_PATH}/Podfile.lock\" \"${PODS_ROOT}/Manifest.lock\" > /dev/null\nif [ $? != 0 ] ; then\n    # print error to STDERR\n    echo \"error: The sandbox is not in sync with the Podfile.lock. Run 'pod install' or update your CocoaPods installation.\" >&2\n    exit 1\nfi\n# This output is used by Xcode 'outputs' to avoid re-running this script phase.\necho \"SUCCESS\" > \"${SCRIPT_OUTPUT_FILE_0}\"\n";
			showEnvVarsInLog = 0;
		};
		FAD4C17E1A5E788E933D8179 /* [CP] Check Pods Manifest.lock */ = {
			isa = PBXShellScriptBuildPhase;
			buildActionMask = 2147483647;
			files = (
			);
			inputFileListPaths = (
			);
			inputPaths = (
				"${PODS_PODFILE_DIR_PATH}/Podfile.lock",
				"${PODS_ROOT}/Manifest.lock",
			);
			name = "[CP] Check Pods Manifest.lock";
			outputFileListPaths = (
			);
			outputPaths = (
				"$(DERIVED_FILE_DIR)/Pods-testJenkins-checkManifestLockResult.txt",
			);
			runOnlyForDeploymentPostprocessing = 0;
			shellPath = /bin/sh;
			shellScript = "diff \"${PODS_PODFILE_DIR_PATH}/Podfile.lock\" \"${PODS_ROOT}/Manifest.lock\" > /dev/null\nif [ $? != 0 ] ; then\n    # print error to STDERR\n    echo \"error: The sandbox is not in sync with the Podfile.lock. Run 'pod install' or update your CocoaPods installation.\" >&2\n    exit 1\nfi\n# This output is used by Xcode 'outputs' to avoid re-running this script phase.\necho \"SUCCESS\" > \"${SCRIPT_OUTPUT_FILE_0}\"\n";
			showEnvVarsInLog = 0;
		};
/* End PBXShellScriptBuildPhase section */

/* Begin PBXSourcesBuildPhase section */
		44633689230E7AF500C1D806 /* Sources */ = {
			isa = PBXSourcesBuildPhase;
			buildActionMask = 2147483647;
			files = (
				44633695230E7AF500C1D806 /* ViewController.m in Sources */,
				446336A0230E7AF800C1D806 /* main.m in Sources */,
				44633692230E7AF500C1D806 /* AppDelegate.m in Sources */,
			);
			runOnlyForDeploymentPostprocessing = 0;
		};
		446336A1230E7AF900C1D806 /* Sources */ = {
			isa = PBXSourcesBuildPhase;
			buildActionMask = 2147483647;
			files = (
				446336AA230E7AF900C1D806 /* testJenkinsTests.m in Sources */,
			);
			runOnlyForDeploymentPostprocessing = 0;
		};
		446336AC230E7AF900C1D806 /* Sources */ = {
			isa = PBXSourcesBuildPhase;
			buildActionMask = 2147483647;
			files = (
				446336B5230E7AF900C1D806 /* testJenkinsUITests.m in Sources */,
			);
			runOnlyForDeploymentPostprocessing = 0;
		};
/* End PBXSourcesBuildPhase section */

/* Begin PBXTargetDependency section */
		446336A7230E7AF900C1D806 /* PBXTargetDependency */ = {
			isa = PBXTargetDependency;
			target = 4463368C230E7AF500C1D806 /* testJenkins */;
			targetProxy = 446336A6230E7AF900C1D806 /* PBXContainerItemProxy */;
		};
		446336B2230E7AF900C1D806 /* PBXTargetDependency */ = {
			isa = PBXTargetDependency;
			target = 4463368C230E7AF500C1D806 /* testJenkins */;
			targetProxy = 446336B1230E7AF900C1D806 /* PBXContainerItemProxy */;
		};
/* End PBXTargetDependency section */

/* Begin PBXVariantGroup section */
		44633696230E7AF500C1D806 /* Main.storyboard */ = {
			isa = PBXVariantGroup;
			children = (
				44633697230E7AF500C1D806 /* Base */,
			);
			name = Main.storyboard;
			sourceTree = "<group>";
		};
		4463369B230E7AF800C1D806 /* LaunchScreen.storyboard */ = {
			isa = PBXVariantGroup;
			children = (
				4463369C230E7AF800C1D806 /* Base */,
			);
			name = LaunchScreen.storyboard;
			sourceTree = "<group>";
		};
/* End PBXVariantGroup section */

/* Begin XCBuildConfiguration section */
		446336B7230E7AF900C1D806 /* Debug */ = {
			isa = XCBuildConfiguration;
			buildSettings = {
				ALWAYS_SEARCH_USER_PATHS = NO;
				CLANG_ANALYZER_NONNULL = YES;
				CLANG_ANALYZER_NUMBER_OBJECT_CONVERSION = YES_AGGRESSIVE;
				CLANG_CXX_LANGUAGE_STANDARD = "gnu++14";
				CLANG_CXX_LIBRARY = "libc++";
				CLANG_ENABLE_MODULES = YES;
				CLANG_ENABLE_OBJC_ARC = YES;
				CLANG_ENABLE_OBJC_WEAK = YES;
				CLANG_WARN_BLOCK_CAPTURE_AUTORELEASING = YES;
				CLANG_WARN_BOOL_CONVERSION = YES;
				CLANG_WARN_COMMA = YES;
				CLANG_WARN_CONSTANT_CONVERSION = YES;
				CLANG_WARN_DEPRECATED_OBJC_IMPLEMENTATIONS = YES;
				CLANG_WARN_DIRECT_OBJC_ISA_USAGE = YES_ERROR;
				CLANG_WARN_DOCUMENTATION_COMMENTS = YES;
				CLANG_WARN_EMPTY_BODY = YES;
				CLANG_WARN_ENUM_CONVERSION = YES;
				CLANG_WARN_INFINITE_RECURSION = YES;
				CLANG_WARN_INT_CONVERSION = YES;
				CLANG_WARN_NON_LITERAL_NULL_CONVERSION = YES;
				CLANG_WARN_OBJC_IMPLICIT_RETAIN_SELF = YES;
				CLANG_WARN_OBJC_LITERAL_CONVERSION = YES;
				CLANG_WARN_OBJC_ROOT_CLASS = YES_ERROR;
				CLANG_WARN_RANGE_LOOP_ANALYSIS = YES;
				CLANG_WARN_STRICT_PROTOTYPES = YES;
				CLANG_WARN_SUSPICIOUS_MOVE = YES;
				CLANG_WARN_UNGUARDED_AVAILABILITY = YES_AGGRESSIVE;
				CLANG_WARN_UNREACHABLE_CODE = YES;
				CLANG_WARN__DUPLICATE_METHOD_MATCH = YES;
				CODE_SIGN_IDENTITY = "iPhone Developer";
				COPY_PHASE_STRIP = NO;
				DEBUG_INFORMATION_FORMAT = dwarf;
				ENABLE_STRICT_OBJC_MSGSEND = YES;
				ENABLE_TESTABILITY = YES;
				GCC_C_LANGUAGE_STANDARD = gnu11;
				GCC_DYNAMIC_NO_PIC = NO;
				GCC_NO_COMMON_BLOCKS = YES;
				GCC_OPTIMIZATION_LEVEL = 0;
				GCC_PREPROCESSOR_DEFINITIONS = (
					"DEBUG=1",
					"$(inherited)",
				);
				GCC_WARN_64_TO_32_BIT_CONVERSION = YES;
				GCC_WARN_ABOUT_RETURN_TYPE = YES_ERROR;
				GCC_WARN_UNDECLARED_SELECTOR = YES;
				GCC_WARN_UNINITIALIZED_AUTOS = YES_AGGRESSIVE;
				GCC_WARN_UNUSED_FUNCTION = YES;
				GCC_WARN_UNUSED_VARIABLE = YES;
				IPHONEOS_DEPLOYMENT_TARGET = 12.1;
				MTL_ENABLE_DEBUG_INFO = INCLUDE_SOURCE;
				MTL_FAST_MATH = YES;
				ONLY_ACTIVE_ARCH = YES;
				SDKROOT = iphoneos;
			};
			name = Debug;
		};
		446336B8230E7AF900C1D806 /* Release */ = {
			isa = XCBuildConfiguration;
			buildSettings = {
				ALWAYS_SEARCH_USER_PATHS = NO;
				CLANG_ANALYZER_NONNULL = YES;
				CLANG_ANALYZER_NUMBER_OBJECT_CONVERSION = YES_AGGRESSIVE;
				CLANG_CXX_LANGUAGE_STANDARD = "gnu++14";
				CLANG_CXX_LIBRARY = "libc++";
				CLANG_ENABLE_MODULES = YES;
				CLANG_ENABLE_OBJC_ARC = YES;
				CLANG_ENABLE_OBJC_WEAK = YES;
				CLANG_WARN_BLOCK_CAPTURE_AUTORELEASING = YES;
				CLANG_WARN_BOOL_CONVERSION = YES;
				CLANG_WARN_COMMA = YES;
				CLANG_WARN_CONSTANT_CONVERSION = YES;
				CLANG_WARN_DEPRECATED_OBJC_IMPLEMENTATIONS = YES;
				CLANG_WARN_DIRECT_OBJC_ISA_USAGE = YES_ERROR;
				CLANG_WARN_DOCUMENTATION_COMMENTS = YES;
				CLANG_WARN_EMPTY_BODY = YES;
				CLANG_WARN_ENUM_CONVERSION = YES;
				CLANG_WARN_INFINITE_RECURSION = YES;
				CLANG_WARN_INT_CONVERSION = YES;
				CLANG_WARN_NON_LITERAL_NULL_CONVERSION = YES;
				CLANG_WARN_OBJC_IMPLICIT_RETAIN_SELF = YES;
				CLANG_WARN_OBJC_LITERAL_CONVERSION = YES;
				CLANG_WARN_OBJC_ROOT_CLASS = YES_ERROR;
				CLANG_WARN_RANGE_LOOP_ANALYSIS = YES;
				CLANG_WARN_STRICT_PROTOTYPES = YES;
				CLANG_WARN_SUSPICIOUS_MOVE = YES;
				CLANG_WARN_UNGUARDED_AVAILABILITY = YES_AGGRESSIVE;
				CLANG_WARN_UNREACHABLE_CODE = YES;
				CLANG_WARN__DUPLICATE_METHOD_MATCH = YES;
				CODE_SIGN_IDENTITY = "iPhone Developer";
				COPY_PHASE_STRIP = NO;
				DEBUG_INFORMATION_FORMAT = "dwarf-with-dsym";
				ENABLE_NS_ASSERTIONS = NO;
				ENABLE_STRICT_OBJC_MSGSEND = YES;
				GCC_C_LANGUAGE_STANDARD = gnu11;
				GCC_NO_COMMON_BLOCKS = YES;
				GCC_WARN_64_TO_32_BIT_CONVERSION = YES;
				GCC_WARN_ABOUT_RETURN_TYPE = YES_ERROR;
				GCC_WARN_UNDECLARED_SELECTOR = YES;
				GCC_WARN_UNINITIALIZED_AUTOS = YES_AGGRESSIVE;
				GCC_WARN_UNUSED_FUNCTION = YES;
				GCC_WARN_UNUSED_VARIABLE = YES;
				IPHONEOS_DEPLOYMENT_TARGET = 12.1;
				MTL_ENABLE_DEBUG_INFO = NO;
				MTL_FAST_MATH = YES;
				SDKROOT = iphoneos;
				VALIDATE_PRODUCT = YES;
			};
			name = Release;
		};
		446336BA230E7AF900C1D806 /* Debug */ = {
			isa = XCBuildConfiguration;
			baseConfigurationReference = CD5C237F8DD4B223D754283B /* Pods-testJenkins.debug.xcconfig */;
			buildSettings = {
				ASSETCATALOG_COMPILER_APPICON_NAME = AppIcon;
				CODE_SIGN_STYLE = Automatic;
				INFOPLIST_FILE = testJenkins/Info.plist;
				LD_RUNPATH_SEARCH_PATHS = (
					"$(inherited)",
					"@executable_path/Frameworks",
				);
				PRODUCT_BUNDLE_IDENTIFIER = fu.com.testJenkins;
				PRODUCT_NAME = "$(TARGET_NAME)";
				TARGETED_DEVICE_FAMILY = "1,2";
			};
			name = Debug;
		};
		446336BB230E7AF900C1D806 /* Release */ = {
			isa = XCBuildConfiguration;
			baseConfigurationReference = 6D0BA0202FDB4D05AF224D31 /* Pods-testJenkins.release.xcconfig */;
			buildSettings = {
				ASSETCATALOG_COMPILER_APPICON_NAME = AppIcon;
				CODE_SIGN_STYLE = Automatic;
				INFOPLIST_FILE = testJenkins/Info.plist;
				LD_RUNPATH_SEARCH_PATHS = (
					"$(inherited)",
					"@executable_path/Frameworks",
				);
				PRODUCT_BUNDLE_IDENTIFIER = fu.com.testJenkins;
				PRODUCT_NAME = "$(TARGET_NAME)";
				TARGETED_DEVICE_FAMILY = "1,2";
			};
			name = Release;
		};
		446336BD230E7AF900C1D806 /* Debug */ = {
			isa = XCBuildConfiguration;
			baseConfigurationReference = D39D6FD198614CFFBE100955 /* Pods-testJenkinsTests.debug.xcconfig */;
			buildSettings = {
				BUNDLE_LOADER = "$(TEST_HOST)";
				CODE_SIGN_STYLE = Automatic;
				INFOPLIST_FILE = testJenkinsTests/Info.plist;
				LD_RUNPATH_SEARCH_PATHS = (
					"$(inherited)",
					"@executable_path/Frameworks",
					"@loader_path/Frameworks",
				);
				PRODUCT_BUNDLE_IDENTIFIER = fu.com.testJenkinsTests;
				PRODUCT_NAME = "$(TARGET_NAME)";
				TARGETED_DEVICE_FAMILY = "1,2";
				TEST_HOST = "$(BUILT_PRODUCTS_DIR)/testJenkins.app/testJenkins";
			};
			name = Debug;
		};
		446336BE230E7AF900C1D806 /* Release */ = {
			isa = XCBuildConfiguration;
			baseConfigurationReference = DF1D3FE0F33F198E25D07214 /* Pods-testJenkinsTests.release.xcconfig */;
			buildSettings = {
				BUNDLE_LOADER = "$(TEST_HOST)";
				CODE_SIGN_STYLE = Automatic;
				INFOPLIST_FILE = testJenkinsTests/Info.plist;
				LD_RUNPATH_SEARCH_PATHS = (
					"$(inherited)",
					"@executable_path/Frameworks",
					"@loader_path/Frameworks",
				);
				PRODUCT_BUNDLE_IDENTIFIER = fu.com.testJenkinsTests;
				PRODUCT_NAME = "$(TARGET_NAME)";
				TARGETED_DEVICE_FAMILY = "1,2";
				TEST_HOST = "$(BUILT_PRODUCTS_DIR)/testJenkins.app/testJenkins";
			};
			name = Release;
		};
		446336C0230E7AF900C1D806 /* Debug */ = {
			isa = XCBuildConfiguration;
			baseConfigurationReference = FA0BDA2F04868680E54A0A23 /* Pods-testJenkinsUITests.debug.xcconfig */;
			buildSettings = {
				CODE_SIGN_STYLE = Automatic;
				INFOPLIST_FILE = testJenkinsUITests/Info.plist;
				LD_RUNPATH_SEARCH_PATHS = (
					"$(inherited)",
					"@executable_path/Frameworks",
					"@loader_path/Frameworks",
				);
				PRODUCT_BUNDLE_IDENTIFIER = fu.com.testJenkinsUITests;
				PRODUCT_NAME = "$(TARGET_NAME)";
				TARGETED_DEVICE_FAMILY = "1,2";
				TEST_TARGET_NAME = testJenkins;
			};
			name = Debug;
		};
		446336C1230E7AF900C1D806 /* Release */ = {
			isa = XCBuildConfiguration;
			baseConfigurationReference = CD2B5BB1BA0DD9D6B16FD93B /* Pods-testJenkinsUITests.release.xcconfig */;
			buildSettings = {
				CODE_SIGN_STYLE = Automatic;
				INFOPLIST_FILE = testJenkinsUITests/Info.plist;
				LD_RUNPATH_SEARCH_PATHS = (
					"$(inherited)",
					"@executable_path/Frameworks",
					"@loader_path/Frameworks",
				);
				PRODUCT_BUNDLE_IDENTIFIER = fu.com.testJenkinsUITests;
				PRODUCT_NAME = "$(TARGET_NAME)";
				TARGETED_DEVICE_FAMILY = "1,2";
				TEST_TARGET_NAME = testJenkins;
			};
			name = Release;
		};
/* End XCBuildConfiguration section */

/* Begin XCConfigurationList section */
		44633688230E7AF500C1D806 /* Build configuration list for PBXProject "testJenkins" */ = {
			isa = XCConfigurationList;
			buildConfigurations = (
				446336B7230E7AF900C1D806 /* Debug */,
				446336B8230E7AF900C1D806 /* Release */,
			);
			defaultConfigurationIsVisible = 0;
			defaultConfigurationName = Release;
		};
		446336B9230E7AF900C1D806 /* Build configuration list for PBXNativeTarget "testJenkins" */ = {
			isa = XCConfigurationList;
			buildConfigurations = (
				446336BA230E7AF900C1D806 /* Debug */,
				446336BB230E7AF900C1D806 /* Release */,
			);
			defaultConfigurationIsVisible = 0;
			defaultConfigurationName = Release;
		};
		446336BC230E7AF900C1D806 /* Build configuration list for PBXNativeTarget "testJenkinsTests" */ = {
			isa = XCConfigurationList;
			buildConfigurations = (
				446336BD230E7AF900C1D806 /* Debug */,
				446336BE230E7AF900C1D806 /* Release */,
			);
			defaultConfigurationIsVisible = 0;
			defaultConfigurationName = Release;
		};
		446336BF230E7AF900C1D806 /* Build configuration list for PBXNativeTarget "testJenkinsUITests" */ = {
			isa = XCConfigurationList;
			buildConfigurations = (
				446336C0230E7AF900C1D806 /* Debug */,
				446336C1230E7AF900C1D806 /* Release */,
			);
			defaultConfigurationIsVisible = 0;
			defaultConfigurationName = Release;
		};
/* End XCConfigurationList section */
	};
	rootObject = 44633685230E7AF500C1D806 /* Project object */;
}
